<?xml version="1.0" encoding="utf-8"?>
<Project ToolsVersion="4.0" xmlns="http://schemas.microsoft.com/developer/msbuild/2003">
  <ItemGroup>
    <ClCompile Include="Arena.cpp" />
    <ClCompile Include="Player.cpp" />
    <ClCompile Include="BoundaryBox.cpp" />
    <ClCompile Include="ExplosionEmitter.cpp" />
    <ClCompile Include="ExplosionParticle.cpp" />
    <ClCompile Include="GPGame_Template_VS2019_x64.cpp" />
    <ClCompile Include="graphics.cpp" />
    <ClCompile Include="Particle.cpp" />
    <ClCompile Include="ParticleEmitter.cpp" />
    <ClCompile Include="shapes.cpp" />
    <ClCompile Include="Obstacle.cpp" />
    <ClCompile Include="PlayerBoundaryBox.cpp" />
    <ClCompile Include="Event.cpp" />
  </ItemGroup>
  <ItemGroup>
    <ClInclude Include="Arena.h" />
    <ClInclude Include="Player.h" />
    <ClInclude Include="BoundaryBox.h" />
    <ClInclude Include="ExplosionEmitter.h" />
    <ClInclude Include="ExplosionParticle.h" />
    <ClInclude Include="graphics.h" />
    <ClInclude Include="Particle.h" />
    <ClInclude Include="ParticleEmitter.h" />
    <ClInclude Include="shapes.h" />
    <ClInclude Include="Obstacle.h" />
    <ClInclude Include="PlayerBoundaryBox.h" />
    <ClInclude Include="Event.h" />
  </ItemGroup>
</Project>